
Microsoft Visual Studio Solution File, Format Version 12.00
# Visual Studio Version 17
VisualStudioVersion = 17.9.34728.123
MinimumVisualStudioVersion = 10.0.40219.1
Project("{FAE04EC0-301F-11D3-BF4B-00C04F79EFBC}") = "TodoApi", "TodoApi\TodoApi.csproj", "{C9AFF003-45C8-4FB3-A967-1EFF59814A84}"
EndProject
Global
	GlobalSection(SolutionConfigurationPlatforms) = preSolution
		Debug|Any CPU = Debug|Any CPU
		Release|Any CPU = Release|Any CPU
	EndGlobalSection
	GlobalSection(ProjectConfigurationPlatforms) = postSolution
		{C9AFF003-45C8-4FB3-A967-1EFF59814A84}.Debug|Any CPU.ActiveCfg = Debug|Any CPU
		{C9AFF003-45C8-4FB3-A967-1EFF59814A84}.Debug|Any CPU.Build.0 = Debug|Any CPU
		{C9AFF003-45C8-4FB3-A967-1EFF59814A84}.Release|Any CPU.ActiveCfg = Release|Any CPU
		{C9AFF003-45C8-4FB3-A967-1EFF59814A84}.Release|Any CPU.Build.0 = Release|Any CPU
	EndGlobalSection
	GlobalSection(SolutionProperties) = preSolution
		HideSolutionNode = FALSE
	EndGlobalSection
	GlobalSection(ExtensibilityGlobals) = postSolution
		SolutionGuid = {2BE6901A-6621-436A-ADF9-D602368139B7}
	EndGlobalSection
EndGlobal
